// !$*UTF8*$!
{
	archiveVersion = 1;
	classes = {
	};
	objectVersion = 46;
	objects = {

/* Begin PBXBuildFile section */
		9B45F4241B09791700D40705 /* Gauge.m in Sources */ = {isa = PBXBuildFile; fileRef = 9B45F4231B09791700D40705 /* Gauge.m */; };
		9B45F4271B097CA300D40705 /* PlanFinishView.m in Sources */ = {isa = PBXBuildFile; fileRef = 9B45F4261B097CA300D40705 /* PlanFinishView.m */; };
		9B45F42A1B09892B00D40705 /* BorderView.m in Sources */ = {isa = PBXBuildFile; fileRef = 9B45F4291B09892B00D40705 /* BorderView.m */; };
		9B45F4301B09A3E700D40705 /* ProgressBar.m in Sources */ = {isa = PBXBuildFile; fileRef = 9B45F42F1B09A3E700D40705 /* ProgressBar.m */; };
		9B45F4351B09B23200D40705 /* OrangeBorder.m in Sources */ = {isa = PBXBuildFile; fileRef = 9B45F4341B09B23200D40705 /* OrangeBorder.m */; };
		9B45F43B1B09E00500D40705 /* PillarGraph.m in Sources */ = {isa = PBXBuildFile; fileRef = 9B45F43A1B09E00500D40705 /* PillarGraph.m */; };
		9B4F976F1B0AE2AE00FC967F /* OperatorViewController.m in Sources */ = {isa = PBXBuildFile; fileRef = 9B4F976E1B0AE2AE00FC967F /* OperatorViewController.m */; };
		9B4F97721B0B058300FC967F /* SmallBorderView.m in Sources */ = {isa = PBXBuildFile; fileRef = 9B4F97711B0B058300FC967F /* SmallBorderView.m */; };
		9B4F977E1B0C39B400FC967F /* BorderWidthSmall.m in Sources */ = {isa = PBXBuildFile; fileRef = 9B4F977D1B0C39B400FC967F /* BorderWidthSmall.m */; };
		9B4F97811B0C405500FC967F /* SingleViewController.m in Sources */ = {isa = PBXBuildFile; fileRef = 9B4F97801B0C405500FC967F /* SingleViewController.m */; };
		9B4F97841B0C406B00FC967F /* ListViewController.m in Sources */ = {isa = PBXBuildFile; fileRef = 9B4F97831B0C406B00FC967F /* ListViewController.m */; };
		9BF303071B0590F30006E979 /* main.m in Sources */ = {isa = PBXBuildFile; fileRef = 9BF303061B0590F30006E979 /* main.m */; };
		9BF3030A1B0590F30006E979 /* AppDelegate.m in Sources */ = {isa = PBXBuildFile; fileRef = 9BF303091B0590F30006E979 /* AppDelegate.m */; };
		9BF3030D1B0590F30006E979 /* ACDM.xcdatamodeld in Sources */ = {isa = PBXBuildFile; fileRef = 9BF3030B1B0590F30006E979 /* ACDM.xcdatamodeld */; };
		9BF303101B0590F30006E979 /* ViewController.m in Sources */ = {isa = PBXBuildFile; fileRef = 9BF3030F1B0590F30006E979 /* ViewController.m */; };
		9BF303131B0590F30006E979 /* Main.storyboard in Resources */ = {isa = PBXBuildFile; fileRef = 9BF303111B0590F30006E979 /* Main.storyboard */; };
		9BF303151B0590F30006E979 /* Images.xcassets in Resources */ = {isa = PBXBuildFile; fileRef = 9BF303141B0590F30006E979 /* Images.xcassets */; };
		9BF303181B0590F30006E979 /* LaunchScreen.xib in Resources */ = {isa = PBXBuildFile; fileRef = 9BF303161B0590F30006E979 /* LaunchScreen.xib */; };
		9BF303241B0590F30006E979 /* ACDMTests.m in Sources */ = {isa = PBXBuildFile; fileRef = 9BF303231B0590F30006E979 /* ACDMTests.m */; };
		9BF303301B05B1AC0006E979 /* BottomView.m in Sources */ = {isa = PBXBuildFile; fileRef = 9BF3032F1B05B1AC0006E979 /* BottomView.m */; };
/* End PBXBuildFile section */

/* Begin PBXContainerItemProxy section */
		9BF3031E1B0590F30006E979 /* PBXContainerItemProxy */ = {
			isa = PBXContainerItemProxy;
			containerPortal = 9BF302F91B0590F20006E979 /* Project object */;
			proxyType = 1;
			remoteGlobalIDString = 9BF303001B0590F20006E979;
			remoteInfo = ACDM;
		};
/* End PBXContainerItemProxy section */

/* Begin PBXFileReference section */
		9B45F4221B09791700D40705 /* Gauge.h */ = {isa = PBXFileReference; fileEncoding = 4; lastKnownFileType = sourcecode.c.h; path = Gauge.h; sourceTree = "<group>"; };
		9B45F4231B09791700D40705 /* Gauge.m */ = {isa = PBXFileReference; fileEncoding = 4; lastKnownFileType = sourcecode.c.objc; path = Gauge.m; sourceTree = "<group>"; };
		9B45F4251B097CA300D40705 /* PlanFinishView.h */ = {isa = PBXFileReference; fileEncoding = 4; lastKnownFileType = sourcecode.c.h; path = PlanFinishView.h; sourceTree = "<group>"; };
		9B45F4261B097CA300D40705 /* PlanFinishView.m */ = {isa = PBXFileReference; fileEncoding = 4; lastKnownFileType = sourcecode.c.objc; path = PlanFinishView.m; sourceTree = "<group>"; };
		9B45F4281B09892B00D40705 /* BorderView.h */ = {isa = PBXFileReference; fileEncoding = 4; lastKnownFileType = sourcecode.c.h; path = BorderView.h; sourceTree = "<group>"; };
		9B45F4291B09892B00D40705 /* BorderView.m */ = {isa = PBXFileReference; fileEncoding = 4; lastKnownFileType = sourcecode.c.objc; path = BorderView.m; sourceTree = "<group>"; };
		9B45F42E1B09A3E700D40705 /* ProgressBar.h */ = {isa = PBXFileReference; fileEncoding = 4; lastKnownFileType = sourcecode.c.h; path = ProgressBar.h; sourceTree = "<group>"; };
		9B45F42F1B09A3E700D40705 /* ProgressBar.m */ = {isa = PBXFileReference; fileEncoding = 4; lastKnownFileType = sourcecode.c.objc; path = ProgressBar.m; sourceTree = "<group>"; };
		9B45F4331B09B23200D40705 /* OrangeBorder.h */ = {isa = PBXFileReference; fileEncoding = 4; lastKnownFileType = sourcecode.c.h; path = OrangeBorder.h; sourceTree = "<group>"; };
		9B45F4341B09B23200D40705 /* OrangeBorder.m */ = {isa = PBXFileReference; fileEncoding = 4; lastKnownFileType = sourcecode.c.objc; path = OrangeBorder.m; sourceTree = "<group>"; };
		9B45F4391B09E00500D40705 /* PillarGraph.h */ = {isa = PBXFileReference; fileEncoding = 4; lastKnownFileType = sourcecode.c.h; name = PillarGraph.h; path = ../../testclock/testclock/PillarGraph.h; sourceTree = "<group>"; };
		9B45F43A1B09E00500D40705 /* PillarGraph.m */ = {isa = PBXFileReference; fileEncoding = 4; lastKnownFileType = sourcecode.c.objc; name = PillarGraph.m; path = ../../testclock/testclock/PillarGraph.m; sourceTree = "<group>"; };
		9B4F976D1B0AE2AE00FC967F /* OperatorViewController.h */ = {isa = PBXFileReference; fileEncoding = 4; lastKnownFileType = sourcecode.c.h; path = OperatorViewController.h; sourceTree = "<group>"; };
		9B4F976E1B0AE2AE00FC967F /* OperatorViewController.m */ = {isa = PBXFileReference; fileEncoding = 4; lastKnownFileType = sourcecode.c.objc; path = OperatorViewController.m; sourceTree = "<group>"; };
		9B4F97701B0B058300FC967F /* SmallBorderView.h */ = {isa = PBXFileReference; fileEncoding = 4; lastKnownFileType = sourcecode.c.h; path = SmallBorderView.h; sourceTree = "<group>"; };
		9B4F97711B0B058300FC967F /* SmallBorderView.m */ = {isa = PBXFileReference; fileEncoding = 4; lastKnownFileType = sourcecode.c.objc; path = SmallBorderView.m; sourceTree = "<group>"; };
		9B4F977C1B0C39B400FC967F /* BorderWidthSmall.h */ = {isa = PBXFileReference; fileEncoding = 4; lastKnownFileType = sourcecode.c.h; path = BorderWidthSmall.h; sourceTree = "<group>"; };
		9B4F977D1B0C39B400FC967F /* BorderWidthSmall.m */ = {isa = PBXFileReference; fileEncoding = 4; lastKnownFileType = sourcecode.c.objc; path = BorderWidthSmall.m; sourceTree = "<group>"; };
		9B4F977F1B0C405500FC967F /* SingleViewController.h */ = {isa = PBXFileReference; fileEncoding = 4; lastKnownFileType = sourcecode.c.h; path = SingleViewController.h; sourceTree = "<group>"; };
		9B4F97801B0C405500FC967F /* SingleViewController.m */ = {isa = PBXFileReference; fileEncoding = 4; lastKnownFileType = sourcecode.c.objc; path = SingleViewController.m; sourceTree = "<group>"; };
		9B4F97821B0C406B00FC967F /* ListViewController.h */ = {isa = PBXFileReference; fileEncoding = 4; lastKnownFileType = sourcecode.c.h; path = ListViewController.h; sourceTree = "<group>"; };
		9B4F97831B0C406B00FC967F /* ListViewController.m */ = {isa = PBXFileReference; fileEncoding = 4; lastKnownFileType = sourcecode.c.objc; path = ListViewController.m; sourceTree = "<group>"; };
		9BF303011B0590F30006E979 /* ACDM.app */ = {isa = PBXFileReference; explicitFileType = wrapper.application; includeInIndex = 0; path = ACDM.app; sourceTree = BUILT_PRODUCTS_DIR; };
		9BF303051B0590F30006E979 /* Info.plist */ = {isa = PBXFileReference; lastKnownFileType = text.plist.xml; path = Info.plist; sourceTree = "<group>"; };
		9BF303061B0590F30006E979 /* main.m */ = {isa = PBXFileReference; lastKnownFileType = sourcecode.c.objc; path = main.m; sourceTree = "<group>"; };
		9BF303081B0590F30006E979 /* AppDelegate.h */ = {isa = PBXFileReference; lastKnownFileType = sourcecode.c.h; path = AppDelegate.h; sourceTree = "<group>"; };
		9BF303091B0590F30006E979 /* AppDelegate.m */ = {isa = PBXFileReference; lastKnownFileType = sourcecode.c.objc; path = AppDelegate.m; sourceTree = "<group>"; };
		9BF3030C1B0590F30006E979 /* ACDM.xcdatamodel */ = {isa = PBXFileReference; lastKnownFileType = wrapper.xcdatamodel; path = ACDM.xcdatamodel; sourceTree = "<group>"; };
		9BF3030E1B0590F30006E979 /* ViewController.h */ = {isa = PBXFileReference; lastKnownFileType = sourcecode.c.h; path = ViewController.h; sourceTree = "<group>"; };
		9BF3030F1B0590F30006E979 /* ViewController.m */ = {isa = PBXFileReference; lastKnownFileType = sourcecode.c.objc; path = ViewController.m; sourceTree = "<group>"; };
		9BF303121B0590F30006E979 /* Base */ = {isa = PBXFileReference; lastKnownFileType = file.storyboard; name = Base; path = Base.lproj/Main.storyboard; sourceTree = "<group>"; };
		9BF303141B0590F30006E979 /* Images.xcassets */ = {isa = PBXFileReference; lastKnownFileType = folder.assetcatalog; path = Images.xcassets; sourceTree = "<group>"; };
		9BF303171B0590F30006E979 /* Base */ = {isa = PBXFileReference; lastKnownFileType = file.xib; name = Base; path = Base.lproj/LaunchScreen.xib; sourceTree = "<group>"; };
		9BF3031D1B0590F30006E979 /* ACDMTests.xctest */ = {isa = PBXFileReference; explicitFileType = wrapper.cfbundle; includeInIndex = 0; path = ACDMTests.xctest; sourceTree = BUILT_PRODUCTS_DIR; };
		9BF303221B0590F30006E979 /* Info.plist */ = {isa = PBXFileReference; lastKnownFileType = text.plist.xml; path = Info.plist; sourceTree = "<group>"; };
		9BF303231B0590F30006E979 /* ACDMTests.m */ = {isa = PBXFileReference; lastKnownFileType = sourcecode.c.objc; path = ACDMTests.m; sourceTree = "<group>"; };
		9BF3032E1B05B1AC0006E979 /* BottomView.h */ = {isa = PBXFileReference; fileEncoding = 4; lastKnownFileType = sourcecode.c.h; path = BottomView.h; sourceTree = "<group>"; };
		9BF3032F1B05B1AC0006E979 /* BottomView.m */ = {isa = PBXFileReference; fileEncoding = 4; lastKnownFileType = sourcecode.c.objc; path = BottomView.m; sourceTree = "<group>"; };
/* End PBXFileReference section */

/* Begin PBXFrameworksBuildPhase section */
		9BF302FE1B0590F20006E979 /* Frameworks */ = {
			isa = PBXFrameworksBuildPhase;
			buildActionMask = 2147483647;
			files = (
			);
			runOnlyForDeploymentPostprocessing = 0;
		};
		9BF3031A1B0590F30006E979 /* Frameworks */ = {
			isa = PBXFrameworksBuildPhase;
			buildActionMask = 2147483647;
			files = (
			);
			runOnlyForDeploymentPostprocessing = 0;
		};
/* End PBXFrameworksBuildPhase section */

/* Begin PBXGroup section */
		9BF302F81B0590F20006E979 = {
			isa = PBXGroup;
			children = (
				9BF303031B0590F30006E979 /* ACDM */,
				9BF303201B0590F30006E979 /* ACDMTests */,
				9BF303021B0590F30006E979 /* Products */,
			);
			sourceTree = "<group>";
		};
		9BF303021B0590F30006E979 /* Products */ = {
			isa = PBXGroup;
			children = (
				9BF303011B0590F30006E979 /* ACDM.app */,
				9BF3031D1B0590F30006E979 /* ACDMTests.xctest */,
			);
			name = Products;
			sourceTree = "<group>";
		};
		9BF303031B0590F30006E979 /* ACDM */ = {
			isa = PBXGroup;
			children = (
				9B4F977F1B0C405500FC967F /* SingleViewController.h */,
				9B4F97801B0C405500FC967F /* SingleViewController.m */,
				9BF3032D1B05B1780006E979 /* Widget */,
				9BF303081B0590F30006E979 /* AppDelegate.h */,
				9BF303091B0590F30006E979 /* AppDelegate.m */,
				9BF3030E1B0590F30006E979 /* ViewController.h */,
				9BF3030F1B0590F30006E979 /* ViewController.m */,
				9BF303111B0590F30006E979 /* Main.storyboard */,
				9BF303141B0590F30006E979 /* Images.xcassets */,
				9BF303161B0590F30006E979 /* LaunchScreen.xib */,
				9BF3030B1B0590F30006E979 /* ACDM.xcdatamodeld */,
				9BF303041B0590F30006E979 /* Supporting Files */,
				9B4F976D1B0AE2AE00FC967F /* OperatorViewController.h */,
				9B4F976E1B0AE2AE00FC967F /* OperatorViewController.m */,
				9B4F97821B0C406B00FC967F /* ListViewController.h */,
				9B4F97831B0C406B00FC967F /* ListViewController.m */,
			);
			path = ACDM;
			sourceTree = "<group>";
		};
		9BF303041B0590F30006E979 /* Supporting Files */ = {
			isa = PBXGroup;
			children = (
				9BF303051B0590F30006E979 /* Info.plist */,
				9BF303061B0590F30006E979 /* main.m */,
			);
			name = "Supporting Files";
			sourceTree = "<group>";
		};
		9BF303201B0590F30006E979 /* ACDMTests */ = {
			isa = PBXGroup;
			children = (
				9BF303231B0590F30006E979 /* ACDMTests.m */,
				9BF303211B0590F30006E979 /* Supporting Files */,
			);
			path = ACDMTests;
			sourceTree = "<group>";
		};
		9BF303211B0590F30006E979 /* Supporting Files */ = {
			isa = PBXGroup;
			children = (
				9BF303221B0590F30006E979 /* Info.plist */,
			);
			name = "Supporting Files";
			sourceTree = "<group>";
		};
		9BF3032D1B05B1780006E979 /* Widget */ = {
			isa = PBXGroup;
			children = (
				9B45F4391B09E00500D40705 /* PillarGraph.h */,
				9B45F43A1B09E00500D40705 /* PillarGraph.m */,
				9B45F42E1B09A3E700D40705 /* ProgressBar.h */,
				9B45F42F1B09A3E700D40705 /* ProgressBar.m */,
				9B45F4221B09791700D40705 /* Gauge.h */,
				9B45F4231B09791700D40705 /* Gauge.m */,
				9BF3032E1B05B1AC0006E979 /* BottomView.h */,
				9BF3032F1B05B1AC0006E979 /* BottomView.m */,
				9B45F4251B097CA300D40705 /* PlanFinishView.h */,
				9B45F4261B097CA300D40705 /* PlanFinishView.m */,
				9B45F4281B09892B00D40705 /* BorderView.h */,
				9B45F4291B09892B00D40705 /* BorderView.m */,
				9B45F4331B09B23200D40705 /* OrangeBorder.h */,
				9B45F4341B09B23200D40705 /* OrangeBorder.m */,
				9B4F97701B0B058300FC967F /* SmallBorderView.h */,
				9B4F97711B0B058300FC967F /* SmallBorderView.m */,
				9B4F977C1B0C39B400FC967F /* BorderWidthSmall.h */,
				9B4F977D1B0C39B400FC967F /* BorderWidthSmall.m */,
			);
			name = Widget;
			sourceTree = "<group>";
		};
/* End PBXGroup section */

/* Begin PBXNativeTarget section */
		9BF303001B0590F20006E979 /* ACDM */ = {
			isa = PBXNativeTarget;
			buildConfigurationList = 9BF303271B0590F30006E979 /* Build configuration list for PBXNativeTarget "ACDM" */;
			buildPhases = (
				9BF302FD1B0590F20006E979 /* Sources */,
				9BF302FE1B0590F20006E979 /* Frameworks */,
				9BF302FF1B0590F20006E979 /* Resources */,
			);
			buildRules = (
			);
			dependencies = (
			);
			name = ACDM;
			productName = ACDM;
			productReference = 9BF303011B0590F30006E979 /* ACDM.app */;
			productType = "com.apple.product-type.application";
		};
		9BF3031C1B0590F30006E979 /* ACDMTests */ = {
			isa = PBXNativeTarget;
			buildConfigurationList = 9BF3032A1B0590F30006E979 /* Build configuration list for PBXNativeTarget "ACDMTests" */;
			buildPhases = (
				9BF303191B0590F30006E979 /* Sources */,
				9BF3031A1B0590F30006E979 /* Frameworks */,
				9BF3031B1B0590F30006E979 /* Resources */,
			);
			buildRules = (
			);
			dependencies = (
				9BF3031F1B0590F30006E979 /* PBXTargetDependency */,
			);
			name = ACDMTests;
			productName = ACDMTests;
			productReference = 9BF3031D1B0590F30006E979 /* ACDMTests.xctest */;
			productType = "com.apple.product-type.bundle.unit-test";
		};
/* End PBXNativeTarget section */

/* Begin PBXProject section */
		9BF302F91B0590F20006E979 /* Project object */ = {
			isa = PBXProject;
			attributes = {
				LastUpgradeCheck = 0630;
				ORGANIZATIONNAME = wondersgroup;
				TargetAttributes = {
					9BF303001B0590F20006E979 = {
						CreatedOnToolsVersion = 6.3.1;
					};
					9BF3031C1B0590F30006E979 = {
						CreatedOnToolsVersion = 6.3.1;
						TestTargetID = 9BF303001B0590F20006E979;
					};
				};
			};
			buildConfigurationList = 9BF302FC1B0590F20006E979 /* Build configuration list for PBXProject "ACDM" */;
			compatibilityVersion = "Xcode 3.2";
			developmentRegion = English;
			hasScannedForEncodings = 0;
			knownRegions = (
				en,
				Base,
			);
			mainGroup = 9BF302F81B0590F20006E979;
			productRefGroup = 9BF303021B0590F30006E979 /* Products */;
			projectDirPath = "";
			projectRoot = "";
			targets = (
				9BF303001B0590F20006E979 /* ACDM */,
				9BF3031C1B0590F30006E979 /* ACDMTests */,
			);
		};
/* End PBXProject section */

/* Begin PBXResourcesBuildPhase section */
		9BF302FF1B0590F20006E979 /* Resources */ = {
			isa = PBXResourcesBuildPhase;
			buildActionMask = 2147483647;
			files = (
				9BF303131B0590F30006E979 /* Main.storyboard in Resources */,
				9BF303181B0590F30006E979 /* LaunchScreen.xib in Resources */,
				9BF303151B0590F30006E979 /* Images.xcassets in Resources */,
			);
			runOnlyForDeploymentPostprocessing = 0;
		};
		9BF3031B1B0590F30006E979 /* Resources */ = {
			isa = PBXResourcesBuildPhase;
			buildActionMask = 2147483647;
			files = (
			);
			runOnlyForDeploymentPostprocessing = 0;
		};
/* End PBXResourcesBuildPhase section */

/* Begin PBXSourcesBuildPhase section */
		9BF302FD1B0590F20006E979 /* Sources */ = {
			isa = PBXSourcesBuildPhase;
			buildActionMask = 2147483647;
			files = (
				9B4F976F1B0AE2AE00FC967F /* OperatorViewController.m in Sources */,
				9B45F42A1B09892B00D40705 /* BorderView.m in Sources */,
				9B4F97811B0C405500FC967F /* SingleViewController.m in Sources */,
				9BF3030A1B0590F30006E979 /* AppDelegate.m in Sources */,
				9B45F4271B097CA300D40705 /* PlanFinishView.m in Sources */,
				9B45F4301B09A3E700D40705 /* ProgressBar.m in Sources */,
				9BF3030D1B0590F30006E979 /* ACDM.xcdatamodeld in Sources */,
				9B45F43B1B09E00500D40705 /* PillarGraph.m in Sources */,
				9BF303101B0590F30006E979 /* ViewController.m in Sources */,
				9B45F4351B09B23200D40705 /* OrangeBorder.m in Sources */,
				9B4F97841B0C406B00FC967F /* ListViewController.m in Sources */,
				9BF303301B05B1AC0006E979 /* BottomView.m in Sources */,
				9B4F977E1B0C39B400FC967F /* BorderWidthSmall.m in Sources */,
				9B45F4241B09791700D40705 /* Gauge.m in Sources */,
				9B4F97721B0B058300FC967F /* SmallBorderView.m in Sources */,
				9BF303071B0590F30006E979 /* main.m in Sources */,
			);
			runOnlyForDeploymentPostprocessing = 0;
		};
		9BF303191B0590F30006E979 /* Sources */ = {
			isa = PBXSourcesBuildPhase;
			buildActionMask = 2147483647;
			files = (
				9BF303241B0590F30006E979 /* ACDMTests.m in Sources */,
			);
			runOnlyForDeploymentPostprocessing = 0;
		};
/* End PBXSourcesBuildPhase section */

/* Begin PBXTargetDependency section */
		9BF3031F1B0590F30006E979 /* PBXTargetDependency */ = {
			isa = PBXTargetDependency;
			target = 9BF303001B0590F20006E979 /* ACDM */;
			targetProxy = 9BF3031E1B0590F30006E979 /* PBXContainerItemProxy */;
		};
/* End PBXTargetDependency section */

/* Begin PBXVariantGroup section */
		9BF303111B0590F30006E979 /* Main.storyboard */ = {
			isa = PBXVariantGroup;
			children = (
				9BF303121B0590F30006E979 /* Base */,
			);
			name = Main.storyboard;
			sourceTree = "<group>";
		};
		9BF303161B0590F30006E979 /* LaunchScreen.xib */ = {
			isa = PBXVariantGroup;
			children = (
				9BF303171B0590F30006E979 /* Base */,
			);
			name = LaunchScreen.xib;
			sourceTree = "<group>";
		};
/* End PBXVariantGroup section */

/* Begin XCBuildConfiguration section */
		9BF303251B0590F30006E979 /* Debug */ = {
			isa = XCBuildConfiguration;
			buildSettings = {
				ALWAYS_SEARCH_USER_PATHS = NO;
				CLANG_CXX_LANGUAGE_STANDARD = "gnu++0x";
				CLANG_CXX_LIBRARY = "libc++";
				CLANG_ENABLE_MODULES = YES;
				CLANG_ENABLE_OBJC_ARC = YES;
				CLANG_WARN_BOOL_CONVERSION = YES;
				CLANG_WARN_CONSTANT_CONVERSION = YES;
				CLANG_WARN_DIRECT_OBJC_ISA_USAGE = YES_ERROR;
				CLANG_WARN_EMPTY_BODY = YES;
				CLANG_WARN_ENUM_CONVERSION = YES;
				CLANG_WARN_INT_CONVERSION = YES;
				CLANG_WARN_OBJC_ROOT_CLASS = YES_ERROR;
				CLANG_WARN_UNREACHABLE_CODE = YES;
				CLANG_WARN__DUPLICATE_METHOD_MATCH = YES;
				"CODE_SIGN_IDENTITY[sdk=iphoneos*]" = "iPhone Developer";
				COPY_PHASE_STRIP = NO;
				DEBUG_INFORMATION_FORMAT = "dwarf-with-dsym";
				ENABLE_STRICT_OBJC_MSGSEND = YES;
				GCC_C_LANGUAGE_STANDARD = gnu99;
				GCC_DYNAMIC_NO_PIC = NO;
				GCC_NO_COMMON_BLOCKS = YES;
				GCC_OPTIMIZATION_LEVEL = 0;
				GCC_PREPROCESSOR_DEFINITIONS = (
					"DEBUG=1",
					"$(inherited)",
				);
				GCC_SYMBOLS_PRIVATE_EXTERN = NO;
				GCC_WARN_64_TO_32_BIT_CONVERSION = YES;
				GCC_WARN_ABOUT_RETURN_TYPE = YES_ERROR;
				GCC_WARN_UNDECLARED_SELECTOR = YES;
				GCC_WARN_UNINITIALIZED_AUTOS = YES_AGGRESSIVE;
				GCC_WARN_UNUSED_FUNCTION = YES;
				GCC_WARN_UNUSED_VARIABLE = YES;
				IPHONEOS_DEPLOYMENT_TARGET = 8.3;
				MTL_ENABLE_DEBUG_INFO = YES;
				ONLY_ACTIVE_ARCH = YES;
				SDKROOT = iphoneos;
			};
			name = Debug;
		};
		9BF303261B0590F30006E979 /* Release */ = {
			isa = XCBuildConfiguration;
			buildSettings = {
				ALWAYS_SEARCH_USER_PATHS = NO;
				CLANG_CXX_LANGUAGE_STANDARD = "gnu++0x";
				CLANG_CXX_LIBRARY = "libc++";
				CLANG_ENABLE_MODULES = YES;
				CLANG_ENABLE_OBJC_ARC = YES;
				CLANG_WARN_BOOL_CONVERSION = YES;
				CLANG_WARN_CONSTANT_CONVERSION = YES;
				CLANG_WARN_DIRECT_OBJC_ISA_USAGE = YES_ERROR;
				CLANG_WARN_EMPTY_BODY = YES;
				CLANG_WARN_ENUM_CONVERSION = YES;
				CLANG_WARN_INT_CONVERSION = YES;
				CLANG_WARN_OBJC_ROOT_CLASS = YES_ERROR;
				CLANG_WARN_UNREACHABLE_CODE = YES;
				CLANG_WARN__DUPLICATE_METHOD_MATCH = YES;
				"CODE_SIGN_IDENTITY[sdk=iphoneos*]" = "iPhone Developer";
				COPY_PHASE_STRIP = NO;
				DEBUG_INFORMATION_FORMAT = "dwarf-with-dsym";
				ENABLE_NS_ASSERTIONS = NO;
				ENABLE_STRICT_OBJC_MSGSEND = YES;
				GCC_C_LANGUAGE_STANDARD = gnu99;
				GCC_NO_COMMON_BLOCKS = YES;
				GCC_WARN_64_TO_32_BIT_CONVERSION = YES;
				GCC_WARN_ABOUT_RETURN_TYPE = YES_ERROR;
				GCC_WARN_UNDECLARED_SELECTOR = YES;
				GCC_WARN_UNINITIALIZED_AUTOS = YES_AGGRESSIVE;
				GCC_WARN_UNUSED_FUNCTION = YES;
				GCC_WARN_UNUSED_VARIABLE = YES;
				IPHONEOS_DEPLOYMENT_TARGET = 8.3;
				MTL_ENABLE_DEBUG_INFO = NO;
				SDKROOT = iphoneos;
				VALIDATE_PRODUCT = YES;
			};
			name = Release;
		};
		9BF303281B0590F30006E979 /* Debug */ = {
			isa = XCBuildConfiguration;
			buildSettings = {
				ASSETCATALOG_COMPILER_APPICON_NAME = AppIcon;
				INFOPLIST_FILE = ACDM/Info.plist;
				IPHONEOS_DEPLOYMENT_TARGET = 7.0;
				LD_RUNPATH_SEARCH_PATHS = "$(inherited) @executable_path/Frameworks";
				PRODUCT_NAME = "$(TARGET_NAME)";
				TARGETED_DEVICE_FAMILY = 1;
			};
			name = Debug;
		};
		9BF303291B0590F30006E979 /* Release */ = {
			isa = XCBuildConfiguration;
			buildSettings = {
				ASSETCATALOG_COMPILER_APPICON_NAME = AppIcon;
				INFOPLIST_FILE = ACDM/Info.plist;
				IPHONEOS_DEPLOYMENT_TARGET = 7.0;
				LD_RUNPATH_SEARCH_PATHS = "$(inherited) @executable_path/Frameworks";
				PRODUCT_NAME = "$(TARGET_NAME)";
				TARGETED_DEVICE_FAMILY = 1;
			};
			name = Release;
		};
		9BF3032B1B0590F30006E979 /* Debug */ = {
			isa = XCBuildConfiguration;
			buildSettings = {
				BUNDLE_LOADER = "$(TEST_HOST)";
				FRAMEWORK_SEARCH_PATHS = (
					"$(SDKROOT)/Developer/Library/Frameworks",
					"$(inherited)",
				);
				GCC_PREPROCESSOR_DEFINITIONS = (
					"DEBUG=1",
					"$(inherited)",
				);
				INFOPLIST_FILE = ACDMTests/Info.plist;
				LD_RUNPATH_SEARCH_PATHS = "$(inherited) @executable_path/Frameworks @loader_path/Frameworks";
				PRODUCT_NAME = "$(TARGET_NAME)";
				TEST_HOST = "$(BUILT_PRODUCTS_DIR)/ACDM.app/ACDM";
			};
			name = Debug;
		};
		9BF3032C1B0590F30006E979 /* Release */ = {
			isa = XCBuildConfiguration;
			buildSettings = {
				BUNDLE_LOADER = "$(TEST_HOST)";
				FRAMEWORK_SEARCH_PATHS = (
					"$(SDKROOT)/Developer/Library/Frameworks",
					"$(inherited)",
				);
				INFOPLIST_FILE = ACDMTests/Info.plist;
				LD_RUNPATH_SEARCH_PATHS = "$(inherited) @executable_path/Frameworks @loader_path/Frameworks";
				PRODUCT_NAME = "$(TARGET_NAME)";
				TEST_HOST = "$(BUILT_PRODUCTS_DIR)/ACDM.app/ACDM";
			};
			name = Release;
		};
/* End XCBuildConfiguration section */

/* Begin XCConfigurationList section */
		9BF302FC1B0590F20006E979 /* Build configuration list for PBXProject "ACDM" */ = {
			isa = XCConfigurationList;
			buildConfigurations = (
				9BF303251B0590F30006E979 /* Debug */,
				9BF303261B0590F30006E979 /* Release */,
			);
			defaultConfigurationIsVisible = 0;
			defaultConfigurationName = Release;
		};
		9BF303271B0590F30006E979 /* Build configuration list for PBXNativeTarget "ACDM" */ = {
			isa = XCConfigurationList;
			buildConfigurations = (
				9BF303281B0590F30006E979 /* Debug */,
				9BF303291B0590F30006E979 /* Release */,
			);
			defaultConfigurationIsVisible = 0;
			defaultConfigurationName = Release;
		};
		9BF3032A1B0590F30006E979 /* Build configuration list for PBXNativeTarget "ACDMTests" */ = {
			isa = XCConfigurationList;
			buildConfigurations = (
				9BF3032B1B0590F30006E979 /* Debug */,
				9BF3032C1B0590F30006E979 /* Release */,
			);
			defaultConfigurationIsVisible = 0;
			defaultConfigurationName = Release;
		};
/* End XCConfigurationList section */

/* Begin XCVersionGroup section */
		9BF3030B1B0590F30006E979 /* ACDM.xcdatamodeld */ = {
			isa = XCVersionGroup;
			children = (
				9BF3030C1B0590F30006E979 /* ACDM.xcdatamodel */,
			);
			currentVersion = 9BF3030C1B0590F30006E979 /* ACDM.xcdatamodel */;
			path = ACDM.xcdatamodeld;
			sourceTree = "<group>";
			versionGroupType = wrapper.xcdatamodel;
		};
/* End XCVersionGroup section */
	};
	rootObject = 9BF302F91B0590F20006E979 /* Project object */;
}
